
Microsoft Visual Studio Solution File, Format Version 12.00
# Visual Studio 2013
VisualStudioVersion = 12.0.21005.1
MinimumVisualStudioVersion = 10.0.40219.1
Project("{FAE04EC0-301F-11D3-BF4B-00C04F79EFBC}") = "Latihan_1_1", "Latihan_1_1\Latihan_1_1.csproj", "{82AADD44-849A-4245-9C5F-A763C1AEB099}"
EndProject
Project("{FAE04EC0-301F-11D3-BF4B-00C04F79EFBC}") = "Latihan_2_1", "Latihan_2_1\Latihan_2_1.csproj", "{8C83D2DE-8013-4F54-BBB6-BA5FF3863ED0}"
EndProject
Project("{FAE04EC0-301F-11D3-BF4B-00C04F79EFBC}") = "Latihan_3_1", "Latihan_3_1\Latihan_3_1.csproj", "{E5E2AA24-874F-4A88-BA6F-0F4E7B0CA388}"
EndProject
Project("{FAE04EC0-301F-11D3-BF4B-00C04F79EFBC}") = "Latihan_4_1", "Latihan_4_1\Latihan_4_1.csproj", "{2D3EDFD0-63CC-46F8-A332-3915AAC58E4F}"
EndProject
Project("{FAE04EC0-301F-11D3-BF4B-00C04F79EFBC}") = "Latihan_5_1", "Latihan_5_1\Latihan_5_1.csproj", "{21688244-07E3-4EFB-83B8-3D07850FF127}"
EndProject
Project("{FAE04EC0-301F-11D3-BF4B-00C04F79EFBC}") = "volleyball_problem", "volleyball_problem\volleyball_problem.csproj", "{4676DA14-ECDD-4FBE-9E46-4E567ADA3426}"
EndProject
Project("{FAE04EC0-301F-11D3-BF4B-00C04F79EFBC}") = "Latihan_POS", "Latihan_POS\Latihan_POS.csproj", "{71623F88-39EC-4270-9757-0289FA479C3F}"
EndProject
Global
	GlobalSection(SolutionConfigurationPlatforms) = preSolution
		Debug|Any CPU = Debug|Any CPU
		Release|Any CPU = Release|Any CPU
	EndGlobalSection
	GlobalSection(ProjectConfigurationPlatforms) = postSolution
		{82AADD44-849A-4245-9C5F-A763C1AEB099}.Debug|Any CPU.ActiveCfg = Debug|Any CPU
		{82AADD44-849A-4245-9C5F-A763C1AEB099}.Debug|Any CPU.Build.0 = Debug|Any CPU
		{82AADD44-849A-4245-9C5F-A763C1AEB099}.Release|Any CPU.ActiveCfg = Release|Any CPU
		{82AADD44-849A-4245-9C5F-A763C1AEB099}.Release|Any CPU.Build.0 = Release|Any CPU
		{8C83D2DE-8013-4F54-BBB6-BA5FF3863ED0}.Debug|Any CPU.ActiveCfg = Debug|Any CPU
		{8C83D2DE-8013-4F54-BBB6-BA5FF3863ED0}.Debug|Any CPU.Build.0 = Debug|Any CPU
		{8C83D2DE-8013-4F54-BBB6-BA5FF3863ED0}.Release|Any CPU.ActiveCfg = Release|Any CPU
		{8C83D2DE-8013-4F54-BBB6-BA5FF3863ED0}.Release|Any CPU.Build.0 = Release|Any CPU
		{E5E2AA24-874F-4A88-BA6F-0F4E7B0CA388}.Debug|Any CPU.ActiveCfg = Debug|Any CPU
		{E5E2AA24-874F-4A88-BA6F-0F4E7B0CA388}.Debug|Any CPU.Build.0 = Debug|Any CPU
		{E5E2AA24-874F-4A88-BA6F-0F4E7B0CA388}.Release|Any CPU.ActiveCfg = Release|Any CPU
		{E5E2AA24-874F-4A88-BA6F-0F4E7B0CA388}.Release|Any CPU.Build.0 = Release|Any CPU
		{2D3EDFD0-63CC-46F8-A332-3915AAC58E4F}.Debug|Any CPU.ActiveCfg = Debug|Any CPU
		{2D3EDFD0-63CC-46F8-A332-3915AAC58E4F}.Debug|Any CPU.Build.0 = Debug|Any CPU
		{2D3EDFD0-63CC-46F8-A332-3915AAC58E4F}.Release|Any CPU.ActiveCfg = Release|Any CPU
		{2D3EDFD0-63CC-46F8-A332-3915AAC58E4F}.Release|Any CPU.Build.0 = Release|Any CPU
		{21688244-07E3-4EFB-83B8-3D07850FF127}.Debug|Any CPU.ActiveCfg = Debug|Any CPU
		{21688244-07E3-4EFB-83B8-3D07850FF127}.Debug|Any CPU.Build.0 = Debug|Any CPU
		{21688244-07E3-4EFB-83B8-3D07850FF127}.Release|Any CPU.ActiveCfg = Release|Any CPU
		{21688244-07E3-4EFB-83B8-3D07850FF127}.Release|Any CPU.Build.0 = Release|Any CPU
		{4676DA14-ECDD-4FBE-9E46-4E567ADA3426}.Debug|Any CPU.ActiveCfg = Debug|Any CPU
		{4676DA14-ECDD-4FBE-9E46-4E567ADA3426}.Debug|Any CPU.Build.0 = Debug|Any CPU
		{4676DA14-ECDD-4FBE-9E46-4E567ADA3426}.Release|Any CPU.ActiveCfg = Release|Any CPU
		{4676DA14-ECDD-4FBE-9E46-4E567ADA3426}.Release|Any CPU.Build.0 = Release|Any CPU
		{71623F88-39EC-4270-9757-0289FA479C3F}.Debug|Any CPU.ActiveCfg = Debug|Any CPU
		{71623F88-39EC-4270-9757-0289FA479C3F}.Debug|Any CPU.Build.0 = Debug|Any CPU
		{71623F88-39EC-4270-9757-0289FA479C3F}.Release|Any CPU.ActiveCfg = Release|Any CPU
		{71623F88-39EC-4270-9757-0289FA479C3F}.Release|Any CPU.Build.0 = Release|Any CPU
	EndGlobalSection
	GlobalSection(SolutionProperties) = preSolution
		HideSolutionNode = FALSE
	EndGlobalSection
EndGlobal
